
Microsoft Visual Studio Solution File, Format Version 12.00
# Visual Studio Version 17
VisualStudioVersion = 17.3.32901.215
MinimumVisualStudioVersion = 10.0.40219.1
Project("{9A19103F-16F7-4668-BE54-9A1E7A4F7556}") = "SmartSchool.API", "SmartSchool.API\SmartSchool.API.csproj", "{F13C0F13-6275-47C8-B9C4-98373C901FD0}"
EndProject
Project("{2150E333-8FDC-42A3-9474-1A3956D46DE8}") = "Solution Items", "Solution Items", "{0239225A-E3BC-4DFB-9A2E-EFCC694B8FE2}"
	ProjectSection(SolutionItems) = preProject
		.gitignore = .gitignore
	EndProjectSection
EndProject
Global
	GlobalSection(SolutionConfigurationPlatforms) = preSolution
		Debug|Any CPU = Debug|Any CPU
		Release|Any CPU = Release|Any CPU
	EndGlobalSection
	GlobalSection(ProjectConfigurationPlatforms) = postSolution
		{F13C0F13-6275-47C8-B9C4-98373C901FD0}.Debug|Any CPU.ActiveCfg = Debug|Any CPU
		{F13C0F13-6275-47C8-B9C4-98373C901FD0}.Debug|Any CPU.Build.0 = Debug|Any CPU
		{F13C0F13-6275-47C8-B9C4-98373C901FD0}.Release|Any CPU.ActiveCfg = Release|Any CPU
		{F13C0F13-6275-47C8-B9C4-98373C901FD0}.Release|Any CPU.Build.0 = Release|Any CPU
	EndGlobalSection
	GlobalSection(SolutionProperties) = preSolution
		HideSolutionNode = FALSE
	EndGlobalSection
	GlobalSection(ExtensibilityGlobals) = postSolution
		SolutionGuid = {86EF854A-DB41-4500-805C-B7A1A965924C}
	EndGlobalSection
EndGlobal
